
Microsoft Visual Studio Solution File, Format Version 12.00
# Visual Studio Version 17
VisualStudioVersion = 17.5.002.0
MinimumVisualStudioVersion = 10.0.40219.1
Project("{9A19103F-16F7-4668-BE54-9A1E7A4F7556}") = "Bloggie Web", "Bloggie Web.csproj", "{5B5BD3C2-D0AA-4581-A107-17326364A24C}"
EndProject
Global
	GlobalSection(SolutionConfigurationPlatforms) = preSolution
		Debug|Any CPU = Debug|Any CPU
		Release|Any CPU = Release|Any CPU
	EndGlobalSection
	GlobalSection(ProjectConfigurationPlatforms) = postSolution
		{5B5BD3C2-D0AA-4581-A107-17326364A24C}.Debug|Any CPU.ActiveCfg = Debug|Any CPU
		{5B5BD3C2-D0AA-4581-A107-17326364A24C}.Debug|Any CPU.Build.0 = Debug|Any CPU
		{5B5BD3C2-D0AA-4581-A107-17326364A24C}.Release|Any CPU.ActiveCfg = Release|Any CPU
		{5B5BD3C2-D0AA-4581-A107-17326364A24C}.Release|Any CPU.Build.0 = Release|Any CPU
	EndGlobalSection
	GlobalSection(SolutionProperties) = preSolution
		HideSolutionNode = FALSE
	EndGlobalSection
	GlobalSection(ExtensibilityGlobals) = postSolution
		SolutionGuid = {AEE4298D-A259-40F9-9627-AA4C98B36DF5}
	EndGlobalSection
EndGlobal
